
Microsoft Visual Studio Solution File, Format Version 12.00
# Visual Studio Version 17
VisualStudioVersion = 17.12.35209.166
MinimumVisualStudioVersion = 10.0.40219.1
Project("{FAE04EC0-301F-11D3-BF4B-00C04F79EFBC}") = "Araçlar Örnek", "Araçlar Örnek\Araçlar Örnek.csproj", "{2554D8CD-F383-4DDA-B219-010E1B261FFC}"
EndProject
Global
	GlobalSection(SolutionConfigurationPlatforms) = preSolution
		Debug|Any CPU = Debug|Any CPU
		Release|Any CPU = Release|Any CPU
	EndGlobalSection
	GlobalSection(ProjectConfigurationPlatforms) = postSolution
		{2554D8CD-F383-4DDA-B219-010E1B261FFC}.Debug|Any CPU.ActiveCfg = Debug|Any CPU
		{2554D8CD-F383-4DDA-B219-010E1B261FFC}.Debug|Any CPU.Build.0 = Debug|Any CPU
		{2554D8CD-F383-4DDA-B219-010E1B261FFC}.Release|Any CPU.ActiveCfg = Release|Any CPU
		{2554D8CD-F383-4DDA-B219-010E1B261FFC}.Release|Any CPU.Build.0 = Release|Any CPU
	EndGlobalSection
	GlobalSection(SolutionProperties) = preSolution
		HideSolutionNode = FALSE
	EndGlobalSection
	GlobalSection(ExtensibilityGlobals) = postSolution
		SolutionGuid = {B35C2A1F-31D8-4F6A-BB30-33FEB61E2350}
	EndGlobalSection
EndGlobal
