
Microsoft Visual Studio Solution File, Format Version 12.00
# Visual Studio Version 17
VisualStudioVersion = 17.11.35118.90
MinimumVisualStudioVersion = 10.0.40219.1
Project("{FAE04EC0-301F-11D3-BF4B-00C04F79EFBC}") = "Diziler-5", "Diziler-5\Diziler-5.csproj", "{50BF61BA-D9B4-4CC0-9AE4-7DE6C73DF0DA}"
EndProject
Global
	GlobalSection(SolutionConfigurationPlatforms) = preSolution
		Debug|Any CPU = Debug|Any CPU
		Release|Any CPU = Release|Any CPU
	EndGlobalSection
	GlobalSection(ProjectConfigurationPlatforms) = postSolution
		{50BF61BA-D9B4-4CC0-9AE4-7DE6C73DF0DA}.Debug|Any CPU.ActiveCfg = Debug|Any CPU
		{50BF61BA-D9B4-4CC0-9AE4-7DE6C73DF0DA}.Debug|Any CPU.Build.0 = Debug|Any CPU
		{50BF61BA-D9B4-4CC0-9AE4-7DE6C73DF0DA}.Release|Any CPU.ActiveCfg = Release|Any CPU
		{50BF61BA-D9B4-4CC0-9AE4-7DE6C73DF0DA}.Release|Any CPU.Build.0 = Release|Any CPU
	EndGlobalSection
	GlobalSection(SolutionProperties) = preSolution
		HideSolutionNode = FALSE
	EndGlobalSection
	GlobalSection(ExtensibilityGlobals) = postSolution
		SolutionGuid = {DF0A7B23-5B10-4A91-8408-91F5C712FCCD}
	EndGlobalSection
EndGlobal
