
Microsoft Visual Studio Solution File, Format Version 12.00
# Visual Studio Version 17
VisualStudioVersion = 17.11.35017.193
MinimumVisualStudioVersion = 10.0.40219.1
Project("{FAE04EC0-301F-11D3-BF4B-00C04F79EFBC}") = "data", "data\data.csproj", "{376EC137-7DED-42D8-AF5C-65032EEED168}"
EndProject
Global
	GlobalSection(SolutionConfigurationPlatforms) = preSolution
		Debug|Any CPU = Debug|Any CPU
		Release|Any CPU = Release|Any CPU
	EndGlobalSection
	GlobalSection(ProjectConfigurationPlatforms) = postSolution
		{376EC137-7DED-42D8-AF5C-65032EEED168}.Debug|Any CPU.ActiveCfg = Debug|Any CPU
		{376EC137-7DED-42D8-AF5C-65032EEED168}.Debug|Any CPU.Build.0 = Debug|Any CPU
		{376EC137-7DED-42D8-AF5C-65032EEED168}.Release|Any CPU.ActiveCfg = Release|Any CPU
		{376EC137-7DED-42D8-AF5C-65032EEED168}.Release|Any CPU.Build.0 = Release|Any CPU
	EndGlobalSection
	GlobalSection(SolutionProperties) = preSolution
		HideSolutionNode = FALSE
	EndGlobalSection
	GlobalSection(ExtensibilityGlobals) = postSolution
		SolutionGuid = {B579D496-F99B-461C-A541-521EDD1D2EB5}
	EndGlobalSection
EndGlobal
