
Microsoft Visual Studio Solution File, Format Version 12.00
# Visual Studio Version 17
VisualStudioVersion = 17.11.35017.193
MinimumVisualStudioVersion = 10.0.40219.1
Project("{FAE04EC0-301F-11D3-BF4B-00C04F79EFBC}") = "AlgoritmaÖrnek-1", "AlgoritmaÖrnek-1\AlgoritmaÖrnek-1.csproj", "{829B4D1D-353A-45CD-B1BD-9C31636E3972}"
EndProject
Global
	GlobalSection(SolutionConfigurationPlatforms) = preSolution
		Debug|Any CPU = Debug|Any CPU
		Release|Any CPU = Release|Any CPU
	EndGlobalSection
	GlobalSection(ProjectConfigurationPlatforms) = postSolution
		{829B4D1D-353A-45CD-B1BD-9C31636E3972}.Debug|Any CPU.ActiveCfg = Debug|Any CPU
		{829B4D1D-353A-45CD-B1BD-9C31636E3972}.Debug|Any CPU.Build.0 = Debug|Any CPU
		{829B4D1D-353A-45CD-B1BD-9C31636E3972}.Release|Any CPU.ActiveCfg = Release|Any CPU
		{829B4D1D-353A-45CD-B1BD-9C31636E3972}.Release|Any CPU.Build.0 = Release|Any CPU
	EndGlobalSection
	GlobalSection(SolutionProperties) = preSolution
		HideSolutionNode = FALSE
	EndGlobalSection
	GlobalSection(ExtensibilityGlobals) = postSolution
		SolutionGuid = {89D24D63-4D48-45DC-90A5-7B69581F6A82}
	EndGlobalSection
EndGlobal
