
Microsoft Visual Studio Solution File, Format Version 12.00
# Visual Studio Version 17
VisualStudioVersion = 17.11.35118.90
MinimumVisualStudioVersion = 10.0.40219.1
Project("{FAE04EC0-301F-11D3-BF4B-00C04F79EFBC}") = "AccesVeriTabanı-2", "AccesVeriTabanı-2\AccesVeriTabanı-2.csproj", "{FC3280B5-3F10-478D-9A35-6354E00DABE5}"
EndProject
Global
	GlobalSection(SolutionConfigurationPlatforms) = preSolution
		Debug|Any CPU = Debug|Any CPU
		Release|Any CPU = Release|Any CPU
	EndGlobalSection
	GlobalSection(ProjectConfigurationPlatforms) = postSolution
		{FC3280B5-3F10-478D-9A35-6354E00DABE5}.Debug|Any CPU.ActiveCfg = Debug|Any CPU
		{FC3280B5-3F10-478D-9A35-6354E00DABE5}.Debug|Any CPU.Build.0 = Debug|Any CPU
		{FC3280B5-3F10-478D-9A35-6354E00DABE5}.Release|Any CPU.ActiveCfg = Release|Any CPU
		{FC3280B5-3F10-478D-9A35-6354E00DABE5}.Release|Any CPU.Build.0 = Release|Any CPU
	EndGlobalSection
	GlobalSection(SolutionProperties) = preSolution
		HideSolutionNode = FALSE
	EndGlobalSection
	GlobalSection(ExtensibilityGlobals) = postSolution
		SolutionGuid = {264F4A1C-CAD3-454F-BE90-B54E7B01B4CF}
	EndGlobalSection
EndGlobal
