
Microsoft Visual Studio Solution File, Format Version 12.00
# Visual Studio Version 17
VisualStudioVersion = 17.13.35617.110 d17.13
MinimumVisualStudioVersion = 10.0.40219.1
Project("{FAE04EC0-301F-11D3-BF4B-00C04F79EFBC}") = "araskargoo", "araskargoo\araskargoo.csproj", "{AA4CF750-5BC7-4E09-A955-9DE5C4344E60}"
EndProject
Global
	GlobalSection(SolutionConfigurationPlatforms) = preSolution
		Debug|Any CPU = Debug|Any CPU
		Release|Any CPU = Release|Any CPU
	EndGlobalSection
	GlobalSection(ProjectConfigurationPlatforms) = postSolution
		{AA4CF750-5BC7-4E09-A955-9DE5C4344E60}.Debug|Any CPU.ActiveCfg = Debug|Any CPU
		{AA4CF750-5BC7-4E09-A955-9DE5C4344E60}.Debug|Any CPU.Build.0 = Debug|Any CPU
		{AA4CF750-5BC7-4E09-A955-9DE5C4344E60}.Release|Any CPU.ActiveCfg = Release|Any CPU
		{AA4CF750-5BC7-4E09-A955-9DE5C4344E60}.Release|Any CPU.Build.0 = Release|Any CPU
	EndGlobalSection
	GlobalSection(SolutionProperties) = preSolution
		HideSolutionNode = FALSE
	EndGlobalSection
	GlobalSection(ExtensibilityGlobals) = postSolution
		SolutionGuid = {16F39DD7-C987-4C82-985E-DA5CDB9949D7}
	EndGlobalSection
EndGlobal
